// !$*UTF8*$!
{
	archiveVersion = 1;
	classes = {
	};
	objectVersion = 77;
	objects = {

/* Begin PBXBuildFile section */
		D9EAD99B2D55EF9200F9C0C5 /* libavcodec.61.33.100.dylib in Frameworks */ = {isa = PBXBuildFile; fileRef = D9EAD9932D55EF9200F9C0C5 /* libavcodec.61.33.100.dylib */; };
		D9EAD99C2D55EF9200F9C0C5 /* libswscale.8.13.100.dylib in Frameworks */ = {isa = PBXBuildFile; fileRef = D9EAD9942D55EF9200F9C0C5 /* libswscale.8.13.100.dylib */; };
		D9EAD99D2D55EF9200F9C0C5 /* libpostproc.58.4.100.dylib in Frameworks */ = {isa = PBXBuildFile; fileRef = D9EAD9952D55EF9200F9C0C5 /* libpostproc.58.4.100.dylib */; };
		D9EAD99E2D55EF9200F9C0C5 /* libavutil.59.56.100.dylib in Frameworks */ = {isa = PBXBuildFile; fileRef = D9EAD9962D55EF9200F9C0C5 /* libavutil.59.56.100.dylib */; };
		D9EAD99F2D55EF9200F9C0C5 /* libavdevice.61.4.100.dylib in Frameworks */ = {isa = PBXBuildFile; fileRef = D9EAD9972D55EF9200F9C0C5 /* libavdevice.61.4.100.dylib */; };
		D9EAD9A02D55EF9200F9C0C5 /* libswresample.5.4.100.dylib in Frameworks */ = {isa = PBXBuildFile; fileRef = D9EAD9982D55EF9200F9C0C5 /* libswresample.5.4.100.dylib */; };
		D9EAD9A12D55EF9200F9C0C5 /* libavformat.61.9.106.dylib in Frameworks */ = {isa = PBXBuildFile; fileRef = D9EAD9992D55EF9200F9C0C5 /* libavformat.61.9.106.dylib */; };
		D9EAD9A22D55EF9200F9C0C5 /* libavfilter.10.9.100.dylib in Frameworks */ = {isa = PBXBuildFile; fileRef = D9EAD99A2D55EF9200F9C0C5 /* libavfilter.10.9.100.dylib */; };
/* End PBXBuildFile section */

/* Begin PBXCopyFilesBuildPhase section */
		D9853C852D55ADF800D4BBEA /* CopyFiles */ = {
			isa = PBXCopyFilesBuildPhase;
			buildActionMask = 2147483647;
			dstPath = /usr/share/man/man1/;
			dstSubfolderSpec = 0;
			files = (
			);
			runOnlyForDeploymentPostprocessing = 1;
		};
/* End PBXCopyFilesBuildPhase section */

/* Begin PBXFileReference section */
		D9853C872D55ADF800D4BBEA /* av-tools */ = {isa = PBXFileReference; explicitFileType = "compiled.mach-o.executable"; includeInIndex = 0; path = "av-tools"; sourceTree = BUILT_PRODUCTS_DIR; };
		D9EAD9932D55EF9200F9C0C5 /* libavcodec.61.33.100.dylib */ = {isa = PBXFileReference; lastKnownFileType = "compiled.mach-o.dylib"; name = libavcodec.61.33.100.dylib; path = "$(HOME)/.local/ffmpeg/lib/libavcodec.61.33.100.dylib"; sourceTree = "<group>"; };
		D9EAD9942D55EF9200F9C0C5 /* libswscale.8.13.100.dylib */ = {isa = PBXFileReference; lastKnownFileType = "compiled.mach-o.dylib"; name = libswscale.8.13.100.dylib; path = "$(HOME)/.local/ffmpeg/lib/libswscale.8.13.100.dylib"; sourceTree = "<group>"; };
		D9EAD9952D55EF9200F9C0C5 /* libpostproc.58.4.100.dylib */ = {isa = PBXFileReference; lastKnownFileType = "compiled.mach-o.dylib"; name = libpostproc.58.4.100.dylib; path = "$(HOME)/.local/ffmpeg/lib/libpostproc.58.4.100.dylib"; sourceTree = "<group>"; };
		D9EAD9962D55EF9200F9C0C5 /* libavutil.59.56.100.dylib */ = {isa = PBXFileReference; lastKnownFileType = "compiled.mach-o.dylib"; name = libavutil.59.56.100.dylib; path = "$(HOME)/.local/ffmpeg/lib/libavutil.59.56.100.dylib"; sourceTree = "<group>"; };
		D9EAD9972D55EF9200F9C0C5 /* libavdevice.61.4.100.dylib */ = {isa = PBXFileReference; lastKnownFileType = "compiled.mach-o.dylib"; name = libavdevice.61.4.100.dylib; path = "$(HOME)/.local/ffmpeg/lib/libavdevice.61.4.100.dylib"; sourceTree = "<group>"; };
		D9EAD9982D55EF9200F9C0C5 /* libswresample.5.4.100.dylib */ = {isa = PBXFileReference; lastKnownFileType = "compiled.mach-o.dylib"; name = libswresample.5.4.100.dylib; path = "$(HOME)/.local/ffmpeg/lib/libswresample.5.4.100.dylib"; sourceTree = "<group>"; };
		D9EAD9992D55EF9200F9C0C5 /* libavformat.61.9.106.dylib */ = {isa = PBXFileReference; lastKnownFileType = "compiled.mach-o.dylib"; name = libavformat.61.9.106.dylib; path = "$(HOME)/.local/ffmpeg/lib/libavformat.61.9.106.dylib"; sourceTree = "<group>"; };
		D9EAD99A2D55EF9200F9C0C5 /* libavfilter.10.9.100.dylib */ = {isa = PBXFileReference; lastKnownFileType = "compiled.mach-o.dylib"; name = libavfilter.10.9.100.dylib; path = "$(HOME)/.local/ffmpeg/lib/libavfilter.10.9.100.dylib"; sourceTree = "<group>"; };
/* End PBXFileReference section */

/* Begin PBXFileSystemSynchronizedRootGroup section */
		D9853C892D55ADF800D4BBEA /* av-tools */ = {
			isa = PBXFileSystemSynchronizedRootGroup;
			path = "av-tools";
			sourceTree = "<group>";
		};
/* End PBXFileSystemSynchronizedRootGroup section */

/* Begin PBXFrameworksBuildPhase section */
		D9853C842D55ADF800D4BBEA /* Frameworks */ = {
			isa = PBXFrameworksBuildPhase;
			buildActionMask = 2147483647;
			files = (
				D9EAD99B2D55EF9200F9C0C5 /* libavcodec.61.33.100.dylib in Frameworks */,
				D9EAD99C2D55EF9200F9C0C5 /* libswscale.8.13.100.dylib in Frameworks */,
				D9EAD99D2D55EF9200F9C0C5 /* libpostproc.58.4.100.dylib in Frameworks */,
				D9EAD99E2D55EF9200F9C0C5 /* libavutil.59.56.100.dylib in Frameworks */,
				D9EAD99F2D55EF9200F9C0C5 /* libavdevice.61.4.100.dylib in Frameworks */,
				D9EAD9A02D55EF9200F9C0C5 /* libswresample.5.4.100.dylib in Frameworks */,
				D9EAD9A12D55EF9200F9C0C5 /* libavformat.61.9.106.dylib in Frameworks */,
				D9EAD9A22D55EF9200F9C0C5 /* libavfilter.10.9.100.dylib in Frameworks */,
			);
			runOnlyForDeploymentPostprocessing = 0;
		};
/* End PBXFrameworksBuildPhase section */

/* Begin PBXGroup section */
		D9853C7E2D55ADF800D4BBEA = {
			isa = PBXGroup;
			children = (
				D9853C892D55ADF800D4BBEA /* av-tools */,
				D9EAD9922D55EF9200F9C0C5 /* Frameworks */,
				D9853C882D55ADF800D4BBEA /* Products */,
			);
			sourceTree = "<group>";
		};
		D9853C882D55ADF800D4BBEA /* Products */ = {
			isa = PBXGroup;
			children = (
				D9853C872D55ADF800D4BBEA /* av-tools */,
			);
			name = Products;
			sourceTree = "<group>";
		};
		D9EAD9922D55EF9200F9C0C5 /* Frameworks */ = {
			isa = PBXGroup;
			children = (
				D9EAD9932D55EF9200F9C0C5 /* libavcodec.61.33.100.dylib */,
				D9EAD9972D55EF9200F9C0C5 /* libavdevice.61.4.100.dylib */,
				D9EAD99A2D55EF9200F9C0C5 /* libavfilter.10.9.100.dylib */,
				D9EAD9992D55EF9200F9C0C5 /* libavformat.61.9.106.dylib */,
				D9EAD9962D55EF9200F9C0C5 /* libavutil.59.56.100.dylib */,
				D9EAD9952D55EF9200F9C0C5 /* libpostproc.58.4.100.dylib */,
				D9EAD9982D55EF9200F9C0C5 /* libswresample.5.4.100.dylib */,
				D9EAD9942D55EF9200F9C0C5 /* libswscale.8.13.100.dylib */,
			);
			name = Frameworks;
			sourceTree = "<group>";
		};
/* End PBXGroup section */

/* Begin PBXNativeTarget section */
		D9853C862D55ADF800D4BBEA /* av-tools */ = {
			isa = PBXNativeTarget;
			buildConfigurationList = D9853C8E2D55ADF800D4BBEA /* Build configuration list for PBXNativeTarget "av-tools" */;
			buildPhases = (
				D9853C832D55ADF800D4BBEA /* Sources */,
				D9853C842D55ADF800D4BBEA /* Frameworks */,
				D9853C852D55ADF800D4BBEA /* CopyFiles */,
			);
			buildRules = (
			);
			dependencies = (
			);
			fileSystemSynchronizedGroups = (
				D9853C892D55ADF800D4BBEA /* av-tools */,
			);
			name = "av-tools";
			packageProductDependencies = (
			);
			productName = "av-tools";
			productReference = D9853C872D55ADF800D4BBEA /* av-tools */;
			productType = "com.apple.product-type.tool";
		};
/* End PBXNativeTarget section */

/* Begin PBXProject section */
		D9853C7F2D55ADF800D4BBEA /* Project object */ = {
			isa = PBXProject;
			attributes = {
				BuildIndependentTargetsInParallel = 1;
				LastUpgradeCheck = 1620;
				TargetAttributes = {
					D9853C862D55ADF800D4BBEA = {
						CreatedOnToolsVersion = 16.2;
					};
				};
			};
			buildConfigurationList = D9853C822D55ADF800D4BBEA /* Build configuration list for PBXProject "av-tools" */;
			developmentRegion = en;
			hasScannedForEncodings = 0;
			knownRegions = (
				en,
				Base,
			);
			mainGroup = D9853C7E2D55ADF800D4BBEA;
			minimizedProjectReferenceProxies = 1;
			preferredProjectObjectVersion = 77;
			productRefGroup = D9853C882D55ADF800D4BBEA /* Products */;
			projectDirPath = "";
			projectRoot = "";
			targets = (
				D9853C862D55ADF800D4BBEA /* av-tools */,
			);
		};
/* End PBXProject section */

/* Begin PBXSourcesBuildPhase section */
		D9853C832D55ADF800D4BBEA /* Sources */ = {
			isa = PBXSourcesBuildPhase;
			buildActionMask = 2147483647;
			files = (
			);
			runOnlyForDeploymentPostprocessing = 0;
		};
/* End PBXSourcesBuildPhase section */

/* Begin XCBuildConfiguration section */
		D9853C8C2D55ADF800D4BBEA /* Debug */ = {
			isa = XCBuildConfiguration;
			buildSettings = {
				ALWAYS_SEARCH_USER_PATHS = NO;
				ASSETCATALOG_COMPILER_GENERATE_SWIFT_ASSET_SYMBOL_EXTENSIONS = YES;
				CLANG_ANALYZER_NONNULL = YES;
				CLANG_ANALYZER_NUMBER_OBJECT_CONVERSION = YES_AGGRESSIVE;
				CLANG_CXX_LANGUAGE_STANDARD = "gnu++20";
				CLANG_ENABLE_MODULES = YES;
				CLANG_ENABLE_OBJC_ARC = YES;
				CLANG_ENABLE_OBJC_WEAK = YES;
				CLANG_WARN_BLOCK_CAPTURE_AUTORELEASING = YES;
				CLANG_WARN_BOOL_CONVERSION = YES;
				CLANG_WARN_COMMA = YES;
				CLANG_WARN_CONSTANT_CONVERSION = YES;
				CLANG_WARN_DEPRECATED_OBJC_IMPLEMENTATIONS = YES;
				CLANG_WARN_DIRECT_OBJC_ISA_USAGE = YES_ERROR;
				CLANG_WARN_DOCUMENTATION_COMMENTS = YES;
				CLANG_WARN_EMPTY_BODY = YES;
				CLANG_WARN_ENUM_CONVERSION = YES;
				CLANG_WARN_INFINITE_RECURSION = YES;
				CLANG_WARN_INT_CONVERSION = YES;
				CLANG_WARN_NON_LITERAL_NULL_CONVERSION = YES;
				CLANG_WARN_OBJC_IMPLICIT_RETAIN_SELF = YES;
				CLANG_WARN_OBJC_LITERAL_CONVERSION = YES;
				CLANG_WARN_OBJC_ROOT_CLASS = YES_ERROR;
				CLANG_WARN_QUOTED_INCLUDE_IN_FRAMEWORK_HEADER = YES;
				CLANG_WARN_RANGE_LOOP_ANALYSIS = YES;
				CLANG_WARN_STRICT_PROTOTYPES = YES;
				CLANG_WARN_SUSPICIOUS_MOVE = YES;
				CLANG_WARN_UNGUARDED_AVAILABILITY = YES_AGGRESSIVE;
				CLANG_WARN_UNREACHABLE_CODE = YES;
				CLANG_WARN__DUPLICATE_METHOD_MATCH = YES;
				COPY_PHASE_STRIP = NO;
				DEBUG_INFORMATION_FORMAT = dwarf;
				ENABLE_STRICT_OBJC_MSGSEND = YES;
				ENABLE_TESTABILITY = YES;
				ENABLE_USER_SCRIPT_SANDBOXING = YES;
				GCC_C_LANGUAGE_STANDARD = gnu17;
				GCC_DYNAMIC_NO_PIC = NO;
				GCC_NO_COMMON_BLOCKS = YES;
				GCC_OPTIMIZATION_LEVEL = 0;
				GCC_PREPROCESSOR_DEFINITIONS = (
					"DEBUG=1",
					"$(inherited)",
				);
				GCC_WARN_64_TO_32_BIT_CONVERSION = YES;
				GCC_WARN_ABOUT_RETURN_TYPE = YES_ERROR;
				GCC_WARN_UNDECLARED_SELECTOR = YES;
				GCC_WARN_UNINITIALIZED_AUTOS = YES_AGGRESSIVE;
				GCC_WARN_UNUSED_FUNCTION = YES;
				GCC_WARN_UNUSED_VARIABLE = YES;
				LOCALIZATION_PREFERS_STRING_CATALOGS = YES;
				MACOSX_DEPLOYMENT_TARGET = 15.2;
				MTL_ENABLE_DEBUG_INFO = INCLUDE_SOURCE;
				MTL_FAST_MATH = YES;
				ONLY_ACTIVE_ARCH = YES;
				SDKROOT = macosx;
			};
			name = Debug;
		};
		D9853C8D2D55ADF800D4BBEA /* Release */ = {
			isa = XCBuildConfiguration;
			buildSettings = {
				ALWAYS_SEARCH_USER_PATHS = NO;
				ASSETCATALOG_COMPILER_GENERATE_SWIFT_ASSET_SYMBOL_EXTENSIONS = YES;
				CLANG_ANALYZER_NONNULL = YES;
				CLANG_ANALYZER_NUMBER_OBJECT_CONVERSION = YES_AGGRESSIVE;
				CLANG_CXX_LANGUAGE_STANDARD = "gnu++20";
				CLANG_ENABLE_MODULES = YES;
				CLANG_ENABLE_OBJC_ARC = YES;
				CLANG_ENABLE_OBJC_WEAK = YES;
				CLANG_WARN_BLOCK_CAPTURE_AUTORELEASING = YES;
				CLANG_WARN_BOOL_CONVERSION = YES;
				CLANG_WARN_COMMA = YES;
				CLANG_WARN_CONSTANT_CONVERSION = YES;
				CLANG_WARN_DEPRECATED_OBJC_IMPLEMENTATIONS = YES;
				CLANG_WARN_DIRECT_OBJC_ISA_USAGE = YES_ERROR;
				CLANG_WARN_DOCUMENTATION_COMMENTS = YES;
				CLANG_WARN_EMPTY_BODY = YES;
				CLANG_WARN_ENUM_CONVERSION = YES;
				CLANG_WARN_INFINITE_RECURSION = YES;
				CLANG_WARN_INT_CONVERSION = YES;
				CLANG_WARN_NON_LITERAL_NULL_CONVERSION = YES;
				CLANG_WARN_OBJC_IMPLICIT_RETAIN_SELF = YES;
				CLANG_WARN_OBJC_LITERAL_CONVERSION = YES;
				CLANG_WARN_OBJC_ROOT_CLASS = YES_ERROR;
				CLANG_WARN_QUOTED_INCLUDE_IN_FRAMEWORK_HEADER = YES;
				CLANG_WARN_RANGE_LOOP_ANALYSIS = YES;
				CLANG_WARN_STRICT_PROTOTYPES = YES;
				CLANG_WARN_SUSPICIOUS_MOVE = YES;
				CLANG_WARN_UNGUARDED_AVAILABILITY = YES_AGGRESSIVE;
				CLANG_WARN_UNREACHABLE_CODE = YES;
				CLANG_WARN__DUPLICATE_METHOD_MATCH = YES;
				COPY_PHASE_STRIP = NO;
				DEBUG_INFORMATION_FORMAT = "dwarf-with-dsym";
				ENABLE_NS_ASSERTIONS = NO;
				ENABLE_STRICT_OBJC_MSGSEND = YES;
				ENABLE_USER_SCRIPT_SANDBOXING = YES;
				GCC_C_LANGUAGE_STANDARD = gnu17;
				GCC_NO_COMMON_BLOCKS = YES;
				GCC_WARN_64_TO_32_BIT_CONVERSION = YES;
				GCC_WARN_ABOUT_RETURN_TYPE = YES_ERROR;
				GCC_WARN_UNDECLARED_SELECTOR = YES;
				GCC_WARN_UNINITIALIZED_AUTOS = YES_AGGRESSIVE;
				GCC_WARN_UNUSED_FUNCTION = YES;
				GCC_WARN_UNUSED_VARIABLE = YES;
				LOCALIZATION_PREFERS_STRING_CATALOGS = YES;
				MACOSX_DEPLOYMENT_TARGET = 15.2;
				MTL_ENABLE_DEBUG_INFO = NO;
				MTL_FAST_MATH = YES;
				SDKROOT = macosx;
			};
			name = Release;
		};
		D9853C8F2D55ADF800D4BBEA /* Debug */ = {
			isa = XCBuildConfiguration;
			buildSettings = {
				CODE_SIGN_STYLE = Automatic;
				HEADER_SEARCH_PATHS = "$(HOME)/.local/ffmpeg/include";
				LIBRARY_SEARCH_PATHS = "$(HOME)/.local/ffmpeg/lib";
				PRODUCT_NAME = "$(TARGET_NAME)";
			};
			name = Debug;
		};
		D9853C902D55ADF800D4BBEA /* Release */ = {
			isa = XCBuildConfiguration;
			buildSettings = {
				CODE_SIGN_STYLE = Automatic;
				HEADER_SEARCH_PATHS = "$(HOME)/.local/ffmpeg/include";
				LIBRARY_SEARCH_PATHS = "$(HOME)/.local/ffmpeg/lib";
				PRODUCT_NAME = "$(TARGET_NAME)";
			};
			name = Release;
		};
/* End XCBuildConfiguration section */

/* Begin XCConfigurationList section */
		D9853C822D55ADF800D4BBEA /* Build configuration list for PBXProject "av-tools" */ = {
			isa = XCConfigurationList;
			buildConfigurations = (
				D9853C8C2D55ADF800D4BBEA /* Debug */,
				D9853C8D2D55ADF800D4BBEA /* Release */,
			);
			defaultConfigurationIsVisible = 0;
			defaultConfigurationName = Release;
		};
		D9853C8E2D55ADF800D4BBEA /* Build configuration list for PBXNativeTarget "av-tools" */ = {
			isa = XCConfigurationList;
			buildConfigurations = (
				D9853C8F2D55ADF800D4BBEA /* Debug */,
				D9853C902D55ADF800D4BBEA /* Release */,
			);
			defaultConfigurationIsVisible = 0;
			defaultConfigurationName = Release;
		};
/* End XCConfigurationList section */
	};
	rootObject = D9853C7F2D55ADF800D4BBEA /* Project object */;
}
